// !$*UTF8*$!
{
	archiveVersion = 1;
	classes = {
	};
	objectVersion = 46;
	objects = {

/* Begin PBXBuildFile section */
		635BD5931AB806AB0011ED51 /* AppDelegate.swift in Sources */ = {isa = PBXBuildFile; fileRef = 635BD5921AB806AB0011ED51 /* AppDelegate.swift */; };
		635BD5951AB806AB0011ED51 /* ViewController.swift in Sources */ = {isa = PBXBuildFile; fileRef = 635BD5941AB806AB0011ED51 /* ViewController.swift */; };
		635BD5981AB806AB0011ED51 /* Main.storyboard in Resources */ = {isa = PBXBuildFile; fileRef = 635BD5961AB806AB0011ED51 /* Main.storyboard */; };
		635BD59A1AB806AB0011ED51 /* Images.xcassets in Resources */ = {isa = PBXBuildFile; fileRef = 635BD5991AB806AB0011ED51 /* Images.xcassets */; };
		635BD59D1AB806AB0011ED51 /* LaunchScreen.xib in Resources */ = {isa = PBXBuildFile; fileRef = 635BD59B1AB806AB0011ED51 /* LaunchScreen.xib */; };
		635BD5A91AB806AB0011ED51 /* _9RedBalloonsTests.swift in Sources */ = {isa = PBXBuildFile; fileRef = 635BD5A81AB806AB0011ED51 /* _9RedBalloonsTests.swift */; };
		635BD5B31AB807580011ED51 /* File.swift in Sources */ = {isa = PBXBuildFile; fileRef = 635BD5B21AB807580011ED51 /* File.swift */; };
		635BD5BA1AB807DC0011ED51 /* BerlinTVTower.jpg in Resources */ = {isa = PBXBuildFile; fileRef = 635BD5B51AB807DC0011ED51 /* BerlinTVTower.jpg */; };
		635BD5BB1AB807DC0011ED51 /* RedBalloon1.jpg in Resources */ = {isa = PBXBuildFile; fileRef = 635BD5B61AB807DC0011ED51 /* RedBalloon1.jpg */; };
		635BD5BC1AB807DC0011ED51 /* RedBalloon2.jpg in Resources */ = {isa = PBXBuildFile; fileRef = 635BD5B71AB807DC0011ED51 /* RedBalloon2.jpg */; };
		635BD5BD1AB807DC0011ED51 /* RedBalloon3.jpg in Resources */ = {isa = PBXBuildFile; fileRef = 635BD5B81AB807DC0011ED51 /* RedBalloon3.jpg */; };
		635BD5BE1AB807DC0011ED51 /* RedBalloon4.jpg in Resources */ = {isa = PBXBuildFile; fileRef = 635BD5B91AB807DC0011ED51 /* RedBalloon4.jpg */; };
/* End PBXBuildFile section */

/* Begin PBXContainerItemProxy section */
		635BD5A31AB806AB0011ED51 /* PBXContainerItemProxy */ = {
			isa = PBXContainerItemProxy;
			containerPortal = 635BD5851AB806AB0011ED51 /* Project object */;
			proxyType = 1;
			remoteGlobalIDString = 635BD58C1AB806AB0011ED51;
			remoteInfo = 99RedBalloons;
		};
/* End PBXContainerItemProxy section */

/* Begin PBXFileReference section */
		635BD58D1AB806AB0011ED51 /* 99RedBalloons.app */ = {isa = PBXFileReference; explicitFileType = wrapper.application; includeInIndex = 0; path = 99RedBalloons.app; sourceTree = BUILT_PRODUCTS_DIR; };
		635BD5911AB806AB0011ED51 /* Info.plist */ = {isa = PBXFileReference; lastKnownFileType = text.plist.xml; path = Info.plist; sourceTree = "<group>"; };
		635BD5921AB806AB0011ED51 /* AppDelegate.swift */ = {isa = PBXFileReference; lastKnownFileType = sourcecode.swift; path = AppDelegate.swift; sourceTree = "<group>"; };
		635BD5941AB806AB0011ED51 /* ViewController.swift */ = {isa = PBXFileReference; lastKnownFileType = sourcecode.swift; path = ViewController.swift; sourceTree = "<group>"; };
		635BD5971AB806AB0011ED51 /* Base */ = {isa = PBXFileReference; lastKnownFileType = file.storyboard; name = Base; path = Base.lproj/Main.storyboard; sourceTree = "<group>"; };
		635BD5991AB806AB0011ED51 /* Images.xcassets */ = {isa = PBXFileReference; lastKnownFileType = folder.assetcatalog; path = Images.xcassets; sourceTree = "<group>"; };
		635BD59C1AB806AB0011ED51 /* Base */ = {isa = PBXFileReference; lastKnownFileType = file.xib; name = Base; path = Base.lproj/LaunchScreen.xib; sourceTree = "<group>"; };
		635BD5A21AB806AB0011ED51 /* 99RedBalloonsTests.xctest */ = {isa = PBXFileReference; explicitFileType = wrapper.cfbundle; includeInIndex = 0; path = 99RedBalloonsTests.xctest; sourceTree = BUILT_PRODUCTS_DIR; };
		635BD5A71AB806AB0011ED51 /* Info.plist */ = {isa = PBXFileReference; lastKnownFileType = text.plist.xml; path = Info.plist; sourceTree = "<group>"; };
		635BD5A81AB806AB0011ED51 /* _9RedBalloonsTests.swift */ = {isa = PBXFileReference; lastKnownFileType = sourcecode.swift; path = _9RedBalloonsTests.swift; sourceTree = "<group>"; };
		635BD5B21AB807580011ED51 /* File.swift */ = {isa = PBXFileReference; fileEncoding = 4; lastKnownFileType = sourcecode.swift; path = File.swift; sourceTree = "<group>"; };
		635BD5B51AB807DC0011ED51 /* BerlinTVTower.jpg */ = {isa = PBXFileReference; lastKnownFileType = image.jpeg; path = BerlinTVTower.jpg; sourceTree = "<group>"; };
		635BD5B61AB807DC0011ED51 /* RedBalloon1.jpg */ = {isa = PBXFileReference; lastKnownFileType = image.jpeg; path = RedBalloon1.jpg; sourceTree = "<group>"; };
		635BD5B71AB807DC0011ED51 /* RedBalloon2.jpg */ = {isa = PBXFileReference; lastKnownFileType = image.jpeg; path = RedBalloon2.jpg; sourceTree = "<group>"; };
		635BD5B81AB807DC0011ED51 /* RedBalloon3.jpg */ = {isa = PBXFileReference; lastKnownFileType = image.jpeg; path = RedBalloon3.jpg; sourceTree = "<group>"; };
		635BD5B91AB807DC0011ED51 /* RedBalloon4.jpg */ = {isa = PBXFileReference; lastKnownFileType = image.jpeg; path = RedBalloon4.jpg; sourceTree = "<group>"; };
		63605FD21AB8765200350D13 /* testingFunctions.playground */ = {isa = PBXFileReference; lastKnownFileType = file.playground; path = testingFunctions.playground; sourceTree = "<group>"; };
/* End PBXFileReference section */

/* Begin PBXFrameworksBuildPhase section */
		635BD58A1AB806AB0011ED51 /* Frameworks */ = {
			isa = PBXFrameworksBuildPhase;
			buildActionMask = 2147483647;
			files = (
			);
			runOnlyForDeploymentPostprocessing = 0;
		};
		635BD59F1AB806AB0011ED51 /* Frameworks */ = {
			isa = PBXFrameworksBuildPhase;
			buildActionMask = 2147483647;
			files = (
			);
			runOnlyForDeploymentPostprocessing = 0;
		};
/* End PBXFrameworksBuildPhase section */

/* Begin PBXGroup section */
		635BD5841AB806AB0011ED51 = {
			isa = PBXGroup;
			children = (
				635BD58F1AB806AB0011ED51 /* 99RedBalloons */,
				635BD5A51AB806AB0011ED51 /* 99RedBalloonsTests */,
				635BD58E1AB806AB0011ED51 /* Products */,
			);
			sourceTree = "<group>";
		};
		635BD58E1AB806AB0011ED51 /* Products */ = {
			isa = PBXGroup;
			children = (
				635BD58D1AB806AB0011ED51 /* 99RedBalloons.app */,
				635BD5A21AB806AB0011ED51 /* 99RedBalloonsTests.xctest */,
			);
			name = Products;
			sourceTree = "<group>";
		};
		635BD58F1AB806AB0011ED51 /* 99RedBalloons */ = {
			isa = PBXGroup;
			children = (
				635BD5921AB806AB0011ED51 /* AppDelegate.swift */,
				635BD5B21AB807580011ED51 /* File.swift */,
				635BD5941AB806AB0011ED51 /* ViewController.swift */,
				63605FD21AB8765200350D13 /* testingFunctions.playground */,
				635BD5961AB806AB0011ED51 /* Main.storyboard */,
				635BD5991AB806AB0011ED51 /* Images.xcassets */,
				635BD59B1AB806AB0011ED51 /* LaunchScreen.xib */,
				635BD5901AB806AB0011ED51 /* Supporting Files */,
			);
			path = 99RedBalloons;
			sourceTree = "<group>";
		};
		635BD5901AB806AB0011ED51 /* Supporting Files */ = {
			isa = PBXGroup;
			children = (
				635BD5B41AB807DC0011ED51 /* 99RedBalloonsAssets */,
				635BD5911AB806AB0011ED51 /* Info.plist */,
			);
			name = "Supporting Files";
			sourceTree = "<group>";
		};
		635BD5A51AB806AB0011ED51 /* 99RedBalloonsTests */ = {
			isa = PBXGroup;
			children = (
				635BD5A81AB806AB0011ED51 /* _9RedBalloonsTests.swift */,
				635BD5A61AB806AB0011ED51 /* Supporting Files */,
			);
			path = 99RedBalloonsTests;
			sourceTree = "<group>";
		};
		635BD5A61AB806AB0011ED51 /* Supporting Files */ = {
			isa = PBXGroup;
			children = (
				635BD5A71AB806AB0011ED51 /* Info.plist */,
			);
			name = "Supporting Files";
			sourceTree = "<group>";
		};
		635BD5B41AB807DC0011ED51 /* 99RedBalloonsAssets */ = {
			isa = PBXGroup;
			children = (
				635BD5B51AB807DC0011ED51 /* BerlinTVTower.jpg */,
				635BD5B61AB807DC0011ED51 /* RedBalloon1.jpg */,
				635BD5B71AB807DC0011ED51 /* RedBalloon2.jpg */,
				635BD5B81AB807DC0011ED51 /* RedBalloon3.jpg */,
				635BD5B91AB807DC0011ED51 /* RedBalloon4.jpg */,
			);
			path = 99RedBalloonsAssets;
			sourceTree = "<group>";
		};
/* End PBXGroup section */

/* Begin PBXNativeTarget section */
		635BD58C1AB806AB0011ED51 /* 99RedBalloons */ = {
			isa = PBXNativeTarget;
			buildConfigurationList = 635BD5AC1AB806AB0011ED51 /* Build configuration list for PBXNativeTarget "99RedBalloons" */;
			buildPhases = (
				635BD5891AB806AB0011ED51 /* Sources */,
				635BD58A1AB806AB0011ED51 /* Frameworks */,
				635BD58B1AB806AB0011ED51 /* Resources */,
			);
			buildRules = (
			);
			dependencies = (
			);
			name = 99RedBalloons;
			productName = 99RedBalloons;
			productReference = 635BD58D1AB806AB0011ED51 /* 99RedBalloons.app */;
			productType = "com.apple.product-type.application";
		};
		635BD5A11AB806AB0011ED51 /* 99RedBalloonsTests */ = {
			isa = PBXNativeTarget;
			buildConfigurationList = 635BD5AF1AB806AB0011ED51 /* Build configuration list for PBXNativeTarget "99RedBalloonsTests" */;
			buildPhases = (
				635BD59E1AB806AB0011ED51 /* Sources */,
				635BD59F1AB806AB0011ED51 /* Frameworks */,
				635BD5A01AB806AB0011ED51 /* Resources */,
			);
			buildRules = (
			);
			dependencies = (
				635BD5A41AB806AB0011ED51 /* PBXTargetDependency */,
			);
			name = 99RedBalloonsTests;
			productName = 99RedBalloonsTests;
			productReference = 635BD5A21AB806AB0011ED51 /* 99RedBalloonsTests.xctest */;
			productType = "com.apple.product-type.bundle.unit-test";
		};
/* End PBXNativeTarget section */

/* Begin PBXProject section */
		635BD5851AB806AB0011ED51 /* Project object */ = {
			isa = PBXProject;
			attributes = {
				LastUpgradeCheck = 0620;
				ORGANIZATIONNAME = David;
				TargetAttributes = {
					635BD58C1AB806AB0011ED51 = {
						CreatedOnToolsVersion = 6.2;
					};
					635BD5A11AB806AB0011ED51 = {
						CreatedOnToolsVersion = 6.2;
						TestTargetID = 635BD58C1AB806AB0011ED51;
					};
				};
			};
			buildConfigurationList = 635BD5881AB806AB0011ED51 /* Build configuration list for PBXProject "99RedBalloons" */;
			compatibilityVersion = "Xcode 3.2";
			developmentRegion = English;
			hasScannedForEncodings = 0;
			knownRegions = (
				en,
				Base,
			);
			mainGroup = 635BD5841AB806AB0011ED51;
			productRefGroup = 635BD58E1AB806AB0011ED51 /* Products */;
			projectDirPath = "";
			projectRoot = "";
			targets = (
				635BD58C1AB806AB0011ED51 /* 99RedBalloons */,
				635BD5A11AB806AB0011ED51 /* 99RedBalloonsTests */,
			);
		};
/* End PBXProject section */

/* Begin PBXResourcesBuildPhase section */
		635BD58B1AB806AB0011ED51 /* Resources */ = {
			isa = PBXResourcesBuildPhase;
			buildActionMask = 2147483647;
			files = (
				635BD5BC1AB807DC0011ED51 /* RedBalloon2.jpg in Resources */,
				635BD5981AB806AB0011ED51 /* Main.storyboard in Resources */,
				635BD5BD1AB807DC0011ED51 /* RedBalloon3.jpg in Resources */,
				635BD59D1AB806AB0011ED51 /* LaunchScreen.xib in Resources */,
				635BD5BE1AB807DC0011ED51 /* RedBalloon4.jpg in Resources */,
				635BD59A1AB806AB0011ED51 /* Images.xcassets in Resources */,
				635BD5BB1AB807DC0011ED51 /* RedBalloon1.jpg in Resources */,
				635BD5BA1AB807DC0011ED51 /* BerlinTVTower.jpg in Resources */,
			);
			runOnlyForDeploymentPostprocessing = 0;
		};
		635BD5A01AB806AB0011ED51 /* Resources */ = {
			isa = PBXResourcesBuildPhase;
			buildActionMask = 2147483647;
			files = (
			);
			runOnlyForDeploymentPostprocessing = 0;
		};
/* End PBXResourcesBuildPhase section */

/* Begin PBXSourcesBuildPhase section */
		635BD5891AB806AB0011ED51 /* Sources */ = {
			isa = PBXSourcesBuildPhase;
			buildActionMask = 2147483647;
			files = (
				635BD5951AB806AB0011ED51 /* ViewController.swift in Sources */,
				635BD5B31AB807580011ED51 /* File.swift in Sources */,
				635BD5931AB806AB0011ED51 /* AppDelegate.swift in Sources */,
			);
			runOnlyForDeploymentPostprocessing = 0;
		};
		635BD59E1AB806AB0011ED51 /* Sources */ = {
			isa = PBXSourcesBuildPhase;
			buildActionMask = 2147483647;
			files = (
				635BD5A91AB806AB0011ED51 /* _9RedBalloonsTests.swift in Sources */,
			);
			runOnlyForDeploymentPostprocessing = 0;
		};
/* End PBXSourcesBuildPhase section */

/* Begin PBXTargetDependency section */
		635BD5A41AB806AB0011ED51 /* PBXTargetDependency */ = {
			isa = PBXTargetDependency;
			target = 635BD58C1AB806AB0011ED51 /* 99RedBalloons */;
			targetProxy = 635BD5A31AB806AB0011ED51 /* PBXContainerItemProxy */;
		};
/* End PBXTargetDependency section */

/* Begin PBXVariantGroup section */
		635BD5961AB806AB0011ED51 /* Main.storyboard */ = {
			isa = PBXVariantGroup;
			children = (
				635BD5971AB806AB0011ED51 /* Base */,
			);
			name = Main.storyboard;
			sourceTree = "<group>";
		};
		635BD59B1AB806AB0011ED51 /* LaunchScreen.xib */ = {
			isa = PBXVariantGroup;
			children = (
				635BD59C1AB806AB0011ED51 /* Base */,
			);
			name = LaunchScreen.xib;
			sourceTree = "<group>";
		};
/* End PBXVariantGroup section */

/* Begin XCBuildConfiguration section */
		635BD5AA1AB806AB0011ED51 /* Debug */ = {
			isa = XCBuildConfiguration;
			buildSettings = {
				ALWAYS_SEARCH_USER_PATHS = NO;
				CLANG_CXX_LANGUAGE_STANDARD = "gnu++0x";
				CLANG_CXX_LIBRARY = "libc++";
				CLANG_ENABLE_MODULES = YES;
				CLANG_ENABLE_OBJC_ARC = YES;
				CLANG_WARN_BOOL_CONVERSION = YES;
				CLANG_WARN_CONSTANT_CONVERSION = YES;
				CLANG_WARN_DIRECT_OBJC_ISA_USAGE = YES_ERROR;
				CLANG_WARN_EMPTY_BODY = YES;
				CLANG_WARN_ENUM_CONVERSION = YES;
				CLANG_WARN_INT_CONVERSION = YES;
				CLANG_WARN_OBJC_ROOT_CLASS = YES_ERROR;
				CLANG_WARN_UNREACHABLE_CODE = YES;
				CLANG_WARN__DUPLICATE_METHOD_MATCH = YES;
				"CODE_SIGN_IDENTITY[sdk=iphoneos*]" = "iPhone Developer";
				COPY_PHASE_STRIP = NO;
				ENABLE_STRICT_OBJC_MSGSEND = YES;
				GCC_C_LANGUAGE_STANDARD = gnu99;
				GCC_DYNAMIC_NO_PIC = NO;
				GCC_OPTIMIZATION_LEVEL = 0;
				GCC_PREPROCESSOR_DEFINITIONS = (
					"DEBUG=1",
					"$(inherited)",
				);
				GCC_SYMBOLS_PRIVATE_EXTERN = NO;
				GCC_WARN_64_TO_32_BIT_CONVERSION = YES;
				GCC_WARN_ABOUT_RETURN_TYPE = YES_ERROR;
				GCC_WARN_UNDECLARED_SELECTOR = YES;
				GCC_WARN_UNINITIALIZED_AUTOS = YES_AGGRESSIVE;
				GCC_WARN_UNUSED_FUNCTION = YES;
				GCC_WARN_UNUSED_VARIABLE = YES;
				IPHONEOS_DEPLOYMENT_TARGET = 8.2;
				MTL_ENABLE_DEBUG_INFO = YES;
				ONLY_ACTIVE_ARCH = YES;
				SDKROOT = iphoneos;
				SWIFT_OPTIMIZATION_LEVEL = "-Onone";
				TARGETED_DEVICE_FAMILY = "1,2";
			};
			name = Debug;
		};
		635BD5AB1AB806AB0011ED51 /* Release */ = {
			isa = XCBuildConfiguration;
			buildSettings = {
				ALWAYS_SEARCH_USER_PATHS = NO;
				CLANG_CXX_LANGUAGE_STANDARD = "gnu++0x";
				CLANG_CXX_LIBRARY = "libc++";
				CLANG_ENABLE_MODULES = YES;
				CLANG_ENABLE_OBJC_ARC = YES;
				CLANG_WARN_BOOL_CONVERSION = YES;
				CLANG_WARN_CONSTANT_CONVERSION = YES;
				CLANG_WARN_DIRECT_OBJC_ISA_USAGE = YES_ERROR;
				CLANG_WARN_EMPTY_BODY = YES;
				CLANG_WARN_ENUM_CONVERSION = YES;
				CLANG_WARN_INT_CONVERSION = YES;
				CLANG_WARN_OBJC_ROOT_CLASS = YES_ERROR;
				CLANG_WARN_UNREACHABLE_CODE = YES;
				CLANG_WARN__DUPLICATE_METHOD_MATCH = YES;
				"CODE_SIGN_IDENTITY[sdk=iphoneos*]" = "iPhone Developer";
				COPY_PHASE_STRIP = NO;
				ENABLE_NS_ASSERTIONS = NO;
				ENABLE_STRICT_OBJC_MSGSEND = YES;
				GCC_C_LANGUAGE_STANDARD = gnu99;
				GCC_WARN_64_TO_32_BIT_CONVERSION = YES;
				GCC_WARN_ABOUT_RETURN_TYPE = YES_ERROR;
				GCC_WARN_UNDECLARED_SELECTOR = YES;
				GCC_WARN_UNINITIALIZED_AUTOS = YES_AGGRESSIVE;
				GCC_WARN_UNUSED_FUNCTION = YES;
				GCC_WARN_UNUSED_VARIABLE = YES;
				IPHONEOS_DEPLOYMENT_TARGET = 8.2;
				MTL_ENABLE_DEBUG_INFO = NO;
				SDKROOT = iphoneos;
				TARGETED_DEVICE_FAMILY = "1,2";
				VALIDATE_PRODUCT = YES;
			};
			name = Release;
		};
		635BD5AD1AB806AB0011ED51 /* Debug */ = {
			isa = XCBuildConfiguration;
			buildSettings = {
				ASSETCATALOG_COMPILER_APPICON_NAME = AppIcon;
				INFOPLIST_FILE = 99RedBalloons/Info.plist;
				LD_RUNPATH_SEARCH_PATHS = "$(inherited) @executable_path/Frameworks";
				PRODUCT_NAME = "$(TARGET_NAME)";
			};
			name = Debug;
		};
		635BD5AE1AB806AB0011ED51 /* Release */ = {
			isa = XCBuildConfiguration;
			buildSettings = {
				ASSETCATALOG_COMPILER_APPICON_NAME = AppIcon;
				INFOPLIST_FILE = 99RedBalloons/Info.plist;
				LD_RUNPATH_SEARCH_PATHS = "$(inherited) @executable_path/Frameworks";
				PRODUCT_NAME = "$(TARGET_NAME)";
			};
			name = Release;
		};
		635BD5B01AB806AB0011ED51 /* Debug */ = {
			isa = XCBuildConfiguration;
			buildSettings = {
				BUNDLE_LOADER = "$(TEST_HOST)";
				FRAMEWORK_SEARCH_PATHS = (
					"$(SDKROOT)/Developer/Library/Frameworks",
					"$(inherited)",
				);
				GCC_PREPROCESSOR_DEFINITIONS = (
					"DEBUG=1",
					"$(inherited)",
				);
				INFOPLIST_FILE = 99RedBalloonsTests/Info.plist;
				LD_RUNPATH_SEARCH_PATHS = "$(inherited) @executable_path/Frameworks @loader_path/Frameworks";
				PRODUCT_NAME = "$(TARGET_NAME)";
				TEST_HOST = "$(BUILT_PRODUCTS_DIR)/99RedBalloons.app/99RedBalloons";
			};
			name = Debug;
		};
		635BD5B11AB806AB0011ED51 /* Release */ = {
			isa = XCBuildConfiguration;
			buildSettings = {
				BUNDLE_LOADER = "$(TEST_HOST)";
				FRAMEWORK_SEARCH_PATHS = (
					"$(SDKROOT)/Developer/Library/Frameworks",
					"$(inherited)",
				);
				INFOPLIST_FILE = 99RedBalloonsTests/Info.plist;
				LD_RUNPATH_SEARCH_PATHS = "$(inherited) @executable_path/Frameworks @loader_path/Frameworks";
				PRODUCT_NAME = "$(TARGET_NAME)";
				TEST_HOST = "$(BUILT_PRODUCTS_DIR)/99RedBalloons.app/99RedBalloons";
			};
			name = Release;
		};
/* End XCBuildConfiguration section */

/* Begin XCConfigurationList section */
		635BD5881AB806AB0011ED51 /* Build configuration list for PBXProject "99RedBalloons" */ = {
			isa = XCConfigurationList;
			buildConfigurations = (
				635BD5AA1AB806AB0011ED51 /* Debug */,
				635BD5AB1AB806AB0011ED51 /* Release */,
			);
			defaultConfigurationIsVisible = 0;
			defaultConfigurationName = Release;
		};
		635BD5AC1AB806AB0011ED51 /* Build configuration list for PBXNativeTarget "99RedBalloons" */ = {
			isa = XCConfigurationList;
			buildConfigurations = (
				635BD5AD1AB806AB0011ED51 /* Debug */,
				635BD5AE1AB806AB0011ED51 /* Release */,
			);
			defaultConfigurationIsVisible = 0;
			defaultConfigurationName = Release;
		};
		635BD5AF1AB806AB0011ED51 /* Build configuration list for PBXNativeTarget "99RedBalloonsTests" */ = {
			isa = XCConfigurationList;
			buildConfigurations = (
				635BD5B01AB806AB0011ED51 /* Debug */,
				635BD5B11AB806AB0011ED51 /* Release */,
			);
			defaultConfigurationIsVisible = 0;
			defaultConfigurationName = Release;
		};
/* End XCConfigurationList section */
	};
	rootObject = 635BD5851AB806AB0011ED51 /* Project object */;
}
